
Microsoft Visual Studio Solution File, Format Version 12.00
# Visual Studio 14
VisualStudioVersion = 14.0.25420.1
MinimumVisualStudioVersion = 10.0.40219.1
Project("{2150E333-8FDC-42A3-9474-1A3956D46DE8}") = "src", "src", "{89B6B8A7-2771-4979-BA13-4CF5F7CA3C21}"
EndProject
Project("{2150E333-8FDC-42A3-9474-1A3956D46DE8}") = "Solution Items", "Solution Items", "{227A80C5-FA01-4AEC-A024-100CF769F43A}"
	ProjectSection(SolutionItems) = preProject
		global.json = global.json
	EndProjectSection
EndProject
Project("{8BB2217D-0F2D-49D1-97BC-3654ED321F3B}") = "Web.CoreApp.Tests", "src\Web.CoreApp.Tests\Web.CoreApp.Tests.xproj", "{9C124E6D-D9CD-4DC8-A0EA-B7776DAF347A}"
EndProject
Project("{8BB2217D-0F2D-49D1-97BC-3654ED321F3B}") = "CoreMVCAngular2", "src\CoreMVCAngular2App\CoreMVCAngular2.xproj", "{2E3F5C2F-5741-47D6-B05E-3F97FE9CC024}"
EndProject
Global
	GlobalSection(SolutionConfigurationPlatforms) = preSolution
		Debug|Any CPU = Debug|Any CPU
		Release|Any CPU = Release|Any CPU
	EndGlobalSection
	GlobalSection(ProjectConfigurationPlatforms) = postSolution
		{9C124E6D-D9CD-4DC8-A0EA-B7776DAF347A}.Debug|Any CPU.ActiveCfg = Debug|Any CPU
		{9C124E6D-D9CD-4DC8-A0EA-B7776DAF347A}.Debug|Any CPU.Build.0 = Debug|Any CPU
		{9C124E6D-D9CD-4DC8-A0EA-B7776DAF347A}.Release|Any CPU.ActiveCfg = Release|Any CPU
		{9C124E6D-D9CD-4DC8-A0EA-B7776DAF347A}.Release|Any CPU.Build.0 = Release|Any CPU
		{2E3F5C2F-5741-47D6-B05E-3F97FE9CC024}.Debug|Any CPU.ActiveCfg = Debug|Any CPU
		{2E3F5C2F-5741-47D6-B05E-3F97FE9CC024}.Debug|Any CPU.Build.0 = Debug|Any CPU
		{2E3F5C2F-5741-47D6-B05E-3F97FE9CC024}.Release|Any CPU.ActiveCfg = Release|Any CPU
		{2E3F5C2F-5741-47D6-B05E-3F97FE9CC024}.Release|Any CPU.Build.0 = Release|Any CPU
	EndGlobalSection
	GlobalSection(SolutionProperties) = preSolution
		HideSolutionNode = FALSE
	EndGlobalSection
	GlobalSection(NestedProjects) = preSolution
		{9C124E6D-D9CD-4DC8-A0EA-B7776DAF347A} = {89B6B8A7-2771-4979-BA13-4CF5F7CA3C21}
		{2E3F5C2F-5741-47D6-B05E-3F97FE9CC024} = {89B6B8A7-2771-4979-BA13-4CF5F7CA3C21}
	EndGlobalSection
EndGlobal
